
Microsoft Visual Studio Solution File, Format Version 12.00
# Visual Studio Version 17
VisualStudioVersion = 17.1.32210.238
MinimumVisualStudioVersion = 10.0.40219.1
Project("{9A19103F-16F7-4668-BE54-9A1E7A4F7556}") = "Book Shop", "practicesir\Book Shop.csproj", "{75A2E120-071C-4544-B7AF-26A79B8EE876}"
EndProject
Global
	GlobalSection(SolutionConfigurationPlatforms) = preSolution
		Debug|Any CPU = Debug|Any CPU
		Release|Any CPU = Release|Any CPU
	EndGlobalSection
	GlobalSection(ProjectConfigurationPlatforms) = postSolution
		{75A2E120-071C-4544-B7AF-26A79B8EE876}.Debug|Any CPU.ActiveCfg = Debug|Any CPU
		{75A2E120-071C-4544-B7AF-26A79B8EE876}.Debug|Any CPU.Build.0 = Debug|Any CPU
		{75A2E120-071C-4544-B7AF-26A79B8EE876}.Release|Any CPU.ActiveCfg = Release|Any CPU
		{75A2E120-071C-4544-B7AF-26A79B8EE876}.Release|Any CPU.Build.0 = Release|Any CPU
	EndGlobalSection
	GlobalSection(SolutionProperties) = preSolution
		HideSolutionNode = FALSE
	EndGlobalSection
	GlobalSection(ExtensibilityGlobals) = postSolution
		SolutionGuid = {30DC87E0-5BB8-4F70-B608-BF0FB9A7D527}
	EndGlobalSection
EndGlobal
